
Microsoft Visual Studio Solution File, Format Version 12.00
# Visual Studio Version 16
VisualStudioVersion = 16.0.31112.23
MinimumVisualStudioVersion = 10.0.40219.1
Project("{FAE04EC0-301F-11D3-BF4B-00C04F79EFBC}") = "Server", "Server\Server.csproj", "{A40D9AC9-A33E-4E02-BA32-933B5591E8F0}"
EndProject
Project("{9A19103F-16F7-4668-BE54-9A1E7A4F7556}") = "BeaconLib", "BeaconLib\BeaconLib.csproj", "{BE46B883-889A-4391-87CD-F3FC8D97A343}"
EndProject
Project("{FAE04EC0-301F-11D3-BF4B-00C04F79EFBC}") = "Client", "Client\Client.csproj", "{1DA52E47-D71B-44D5-B016-23CBAABCCA45}"
EndProject
Global
	GlobalSection(SolutionConfigurationPlatforms) = preSolution
		Debug|Any CPU = Debug|Any CPU
		Release|Any CPU = Release|Any CPU
	EndGlobalSection
	GlobalSection(ProjectConfigurationPlatforms) = postSolution
		{A40D9AC9-A33E-4E02-BA32-933B5591E8F0}.Debug|Any CPU.ActiveCfg = Debug|Any CPU
		{A40D9AC9-A33E-4E02-BA32-933B5591E8F0}.Debug|Any CPU.Build.0 = Debug|Any CPU
		{A40D9AC9-A33E-4E02-BA32-933B5591E8F0}.Release|Any CPU.ActiveCfg = Release|Any CPU
		{A40D9AC9-A33E-4E02-BA32-933B5591E8F0}.Release|Any CPU.Build.0 = Release|Any CPU
		{BE46B883-889A-4391-87CD-F3FC8D97A343}.Debug|Any CPU.ActiveCfg = Debug|Any CPU
		{BE46B883-889A-4391-87CD-F3FC8D97A343}.Debug|Any CPU.Build.0 = Debug|Any CPU
		{BE46B883-889A-4391-87CD-F3FC8D97A343}.Release|Any CPU.ActiveCfg = Release|Any CPU
		{BE46B883-889A-4391-87CD-F3FC8D97A343}.Release|Any CPU.Build.0 = Release|Any CPU
		{1DA52E47-D71B-44D5-B016-23CBAABCCA45}.Debug|Any CPU.ActiveCfg = Debug|Any CPU
		{1DA52E47-D71B-44D5-B016-23CBAABCCA45}.Debug|Any CPU.Build.0 = Debug|Any CPU
		{1DA52E47-D71B-44D5-B016-23CBAABCCA45}.Release|Any CPU.ActiveCfg = Release|Any CPU
		{1DA52E47-D71B-44D5-B016-23CBAABCCA45}.Release|Any CPU.Build.0 = Release|Any CPU
	EndGlobalSection
	GlobalSection(SolutionProperties) = preSolution
		HideSolutionNode = FALSE
	EndGlobalSection
	GlobalSection(ExtensibilityGlobals) = postSolution
		SolutionGuid = {FE75C54E-B429-4595-9A1B-6025C001E336}
	EndGlobalSection
EndGlobal
